{
  "name": "@cubyt/ui",
  "version": "1.0.0",
  "lockfileVersion": 3,
  "requires": true,
  "packages": {
    "": {
      "name": "@cubyt/ui",
      "version": "1.0.0",
      "license": "MIT",
      "dependencies": {
        "@cubyt/navigation": "^1.0.0"
      },
      "devDependencies": {
        "react": "19.3.0",
        "react-dom": "19.3.0"
      },
      "engines": {
        "node": ">=20"
      },
      "peerDependencies": {
        "@cubyt/style": "^1.1.0",
        "react": ">=19"
      },
      "peerDependenciesMeta": {
        "@cubyt/style": {
          "optional": true
        },
        "react": {
          "optional": true
        }
      }
    },
    "node_modules/@cubyt/navigation": {
      "version": "1.0.0",
      "resolved": "https://registry.npmjs.org/@cubyt/navigation/-/navigation-1.0.0.tgz",
      "integrity": "sha512-Je158io+TNhuF2kwH05qi/C7I6FwDF9O8hsLne3+Q3+6YAf2gW3bJgcgj0fGJp10lUbRcDl5GRCgXmeNSAAUuQ==",
      "license": "MIT",
      "engines": {
        "node": ">=18"
      }
    },
    "node_modules/react": {
      "version": "19.3.0",
      "resolved": "https://registry.npmjs.org/react/-/react-19.3.0.tgz",
      "integrity": "sha512-E8LUcbtBWt20bbl2YoHfx4ZDBdxVTfOKtCZn9cDSJ4l6/nuoApcpIBcj47t2wZoVX8g2ZHuMHbiShgCR1T5Sog==",
      "dev": true,
      "license": "MIT",
      "engines": {
        "node": ">=0.10.0"
      }
    },
    "node_modules/react-dom": {
      "version": "19.3.0",
      "resolved": "https://registry.npmjs.org/react-dom/-/react-dom-19.3.0.tgz",
      "integrity": "sha512-JDk8dgif51OjFoDE70+OT9ICyYr+69HlmihNwp1+Nsfbna3t5sIiCa9ZJktDmQ4/1b/rn26hIAR2uYXDMr5r0Q==",
      "dev": true,
      "license": "MIT",
      "dependencies": {
        "scheduler": "^0.28.0"
      },
      "peerDependencies": {
        "react": "^19.3.0"
      }
    },
    "node_modules/scheduler": {
      "version": "0.28.0",
      "resolved": "https://registry.npmjs.org/scheduler/-/scheduler-0.28.0.tgz",
      "integrity": "sha512-juorfCmIkIw8tT+p5BXSm6PJjQF/ycEYmKyzURCIt/RaZIhL+PulbQ9Yu2z1HdOJDdqDTlxA1+xKBmHXJsczAw==",
      "dev": true,
      "license": "MIT"
    }
  }
}
